Microsoft Visual Studio Solution File, Format Version 7.00
Project("{8BC9CEB8-8B4A-11D0-8D11-00A0C91BC942}") = "edivstd", "edivstd.vcproj", "{241E8C84-4593-4290-9D89-06BC64F00E38}"
EndProject
Global
	GlobalSection(SolutionConfiguration) = preSolution
		ConfigName.0 = Debug
		ConfigName.1 = Release
	EndGlobalSection
	GlobalSection(ProjectDependencies) = postSolution
	EndGlobalSection
	GlobalSection(ProjectConfiguration) = postSolution
		{241E8C84-4593-4290-9D89-06BC64F00E38}.Debug.ActiveCfg = Debug|Win32
		{241E8C84-4593-4290-9D89-06BC64F00E38}.Debug.Build.0 = Debug|Win32
		{241E8C84-4593-4290-9D89-06BC64F00E38}.Release.ActiveCfg = Release|Win32
		{241E8C84-4593-4290-9D89-06BC64F00E38}.Release.Build.0 = Release|Win32
	EndGlobalSection
	GlobalSection(ExtensibilityGlobals) = postSolution
	EndGlobalSection
	GlobalSection(ExtensibilityAddIns) = postSolution
	EndGlobalSection
EndGlobal
