Microsoft Visual Studio Solution File, Format Version 7.00
Project("{8BC9CEB8-8B4A-11D0-8D11-00A0C91BC942}") = "b2f", "b2f.vcproj", "{892F2A1D-847C-45C1-B7D9-3F421D749FA5}"
EndProject
Global
	GlobalSection(SolutionConfiguration) = preSolution
		ConfigName.0 = Debug
		ConfigName.1 = Release
	EndGlobalSection
	GlobalSection(ProjectDependencies) = postSolution
	EndGlobalSection
	GlobalSection(ProjectConfiguration) = postSolution
		{892F2A1D-847C-45C1-B7D9-3F421D749FA5}.Debug.ActiveCfg = Debug|Win32
		{892F2A1D-847C-45C1-B7D9-3F421D749FA5}.Debug.Build.0 = Debug|Win32
		{892F2A1D-847C-45C1-B7D9-3F421D749FA5}.Release.ActiveCfg = Release|Win32
		{892F2A1D-847C-45C1-B7D9-3F421D749FA5}.Release.Build.0 = Release|Win32
	EndGlobalSection
	GlobalSection(ExtensibilityGlobals) = postSolution
	EndGlobalSection
	GlobalSection(ExtensibilityAddIns) = postSolution
	EndGlobalSection
EndGlobal
