Microsoft Visual Studio Solution File, Format Version 7.00
Project("{8BC9CEB8-8B4A-11D0-8D11-00A0C91BC942}") = "strings", "strings\strings.vcproj", "{F83A4960-9687-42C4-B722-14A028A9C393}"
EndProject
Project("{8BC9CEB8-8B4A-11D0-8D11-00A0C91BC942}") = "dinmem", "dinmem\dinmem.vcproj", "{6994F9CD-63ED-425D-879C-678D1706F4AE}"
EndProject
Project("{8BC9CEB8-8B4A-11D0-8D11-00A0C91BC942}") = "edivstd", "edivstd\edivstd.vcproj", "{7205B875-5EFC-4C86-8C38-2F6A66DCEBF2}"
EndProject
Project("{8BC9CEB8-8B4A-11D0-8D11-00A0C91BC942}") = "file", "file\file.vcproj", "{6994F9CD-63ED-425D-879C-678D1706F4AE}"
EndProject
Project("{8BC9CEB8-8B4A-11D0-8D11-00A0C91BC942}") = "graphics", "graphics\graphics.vcproj", "{595A2626-DD40-44EC-A2B8-FB513D15D8C9}"
EndProject
Project("{8BC9CEB8-8B4A-11D0-8D11-00A0C91BC942}") = "input", "input\input.vcproj", "{6994F9CD-63ED-425D-879C-678D1706F4AE}"
EndProject
Project("{8BC9CEB8-8B4A-11D0-8D11-00A0C91BC942}") = "scroll", "scroll\scroll.vcproj", "{11D7DB5D-4EC9-4181-A9F0-B03EAAE4A070}"
EndProject
Project("{8BC9CEB8-8B4A-11D0-8D11-00A0C91BC942}") = "text", "text\text.vcproj", "{6994F9CD-63ED-425D-879C-678D1706F4AE}"
EndProject
Project("{8BC9CEB8-8B4A-11D0-8D11-00A0C91BC942}") = "math", "math\math.vcproj", "{5F3C5CEB-002A-4132-BCA3-65CE524A23E9}"
EndProject
Global
	GlobalSection(SolutionConfiguration) = preSolution
		ConfigName.0 = Debug
		ConfigName.1 = Release
	EndGlobalSection
	GlobalSection(ProjectDependencies) = postSolution
	EndGlobalSection
	GlobalSection(ProjectConfiguration) = postSolution
		{F83A4960-9687-42C4-B722-14A028A9C393}.Debug.ActiveCfg = Debug|Win32
		{F83A4960-9687-42C4-B722-14A028A9C393}.Debug.Build.0 = Debug|Win32
		{F83A4960-9687-42C4-B722-14A028A9C393}.Release.ActiveCfg = Release|Win32
		{F83A4960-9687-42C4-B722-14A028A9C393}.Release.Build.0 = Release|Win32
		{6994F9CD-63ED-425D-879C-678D1706F4AE}.Debug.ActiveCfg = Debug|Win32
		{6994F9CD-63ED-425D-879C-678D1706F4AE}.Debug.Build.0 = Debug|Win32
		{6994F9CD-63ED-425D-879C-678D1706F4AE}.Release.ActiveCfg = Release|Win32
		{6994F9CD-63ED-425D-879C-678D1706F4AE}.Release.Build.0 = Release|Win32
		{7205B875-5EFC-4C86-8C38-2F6A66DCEBF2}.Debug.ActiveCfg = Debug|Win32
		{7205B875-5EFC-4C86-8C38-2F6A66DCEBF2}.Debug.Build.0 = Debug|Win32
		{7205B875-5EFC-4C86-8C38-2F6A66DCEBF2}.Release.ActiveCfg = Release|Win32
		{7205B875-5EFC-4C86-8C38-2F6A66DCEBF2}.Release.Build.0 = Release|Win32
		{6994F9CD-63ED-425D-879C-678D1706F4AE}.Debug.ActiveCfg = Debug|Win32
		{6994F9CD-63ED-425D-879C-678D1706F4AE}.Debug.Build.0 = Debug|Win32
		{6994F9CD-63ED-425D-879C-678D1706F4AE}.Release.ActiveCfg = Release|Win32
		{6994F9CD-63ED-425D-879C-678D1706F4AE}.Release.Build.0 = Release|Win32
		{595A2626-DD40-44EC-A2B8-FB513D15D8C9}.Debug.ActiveCfg = Debug|Win32
		{595A2626-DD40-44EC-A2B8-FB513D15D8C9}.Debug.Build.0 = Debug|Win32
		{595A2626-DD40-44EC-A2B8-FB513D15D8C9}.Release.ActiveCfg = Release|Win32
		{595A2626-DD40-44EC-A2B8-FB513D15D8C9}.Release.Build.0 = Release|Win32
		{6994F9CD-63ED-425D-879C-678D1706F4AE}.Debug.ActiveCfg = Debug|Win32
		{6994F9CD-63ED-425D-879C-678D1706F4AE}.Debug.Build.0 = Debug|Win32
		{6994F9CD-63ED-425D-879C-678D1706F4AE}.Release.ActiveCfg = Release|Win32
		{6994F9CD-63ED-425D-879C-678D1706F4AE}.Release.Build.0 = Release|Win32
		{11D7DB5D-4EC9-4181-A9F0-B03EAAE4A070}.Debug.ActiveCfg = Debug|Win32
		{11D7DB5D-4EC9-4181-A9F0-B03EAAE4A070}.Debug.Build.0 = Debug|Win32
		{11D7DB5D-4EC9-4181-A9F0-B03EAAE4A070}.Release.ActiveCfg = Release|Win32
		{11D7DB5D-4EC9-4181-A9F0-B03EAAE4A070}.Release.Build.0 = Release|Win32
		{6994F9CD-63ED-425D-879C-678D1706F4AE}.Debug.ActiveCfg = Debug|Win32
		{6994F9CD-63ED-425D-879C-678D1706F4AE}.Debug.Build.0 = Debug|Win32
		{6994F9CD-63ED-425D-879C-678D1706F4AE}.Release.ActiveCfg = Release|Win32
		{6994F9CD-63ED-425D-879C-678D1706F4AE}.Release.Build.0 = Release|Win32
		{5F3C5CEB-002A-4132-BCA3-65CE524A23E9}.Debug.ActiveCfg = Debug|Win32
		{5F3C5CEB-002A-4132-BCA3-65CE524A23E9}.Debug.Build.0 = Debug|Win32
		{5F3C5CEB-002A-4132-BCA3-65CE524A23E9}.Release.ActiveCfg = Release|Win32
		{5F3C5CEB-002A-4132-BCA3-65CE524A23E9}.Release.Build.0 = Release|Win32
	EndGlobalSection
	GlobalSection(ExtensibilityGlobals) = postSolution
	EndGlobalSection
	GlobalSection(ExtensibilityAddIns) = postSolution
	EndGlobalSection
EndGlobal
