Microsoft Visual Studio Solution File, Format Version 7.00
Project("{8BC9CEB8-8B4A-11D0-8D11-00A0C91BC942}") = "encrypt", "encrypt\encrypt.vcproj", "{77065768-F682-4204-B28D-33B4C223B86A}"
EndProject
Project("{8BC9CEB8-8B4A-11D0-8D11-00A0C91BC942}") = "stub", "stub\stub.vcproj", "{031F4A82-8932-473D-8B8E-58117559261C}"
EndProject
Project("{8BC9CEB8-8B4A-11D0-8D11-00A0C91BC942}") = "ediv", "ediv\ediv.vcproj", "{43BB24AC-97C9-42A5-996C-3C2EBE5B3FE1}"
EndProject
Global
	GlobalSection(SolutionConfiguration) = preSolution
		ConfigName.0 = Debug
		ConfigName.1 = Debug con trazador
		ConfigName.2 = Release
		ConfigName.3 = Release con trazador
	EndGlobalSection
	GlobalSection(ProjectDependencies) = postSolution
	EndGlobalSection
	GlobalSection(ProjectConfiguration) = postSolution
		{77065768-F682-4204-B28D-33B4C223B86A}.Debug.ActiveCfg = Debug|Win32
		{77065768-F682-4204-B28D-33B4C223B86A}.Debug.Build.0 = Debug|Win32
		{77065768-F682-4204-B28D-33B4C223B86A}.Debug con trazador.ActiveCfg = Debug|Win32
		{77065768-F682-4204-B28D-33B4C223B86A}.Debug con trazador.Build.0 = Debug|Win32
		{77065768-F682-4204-B28D-33B4C223B86A}.Release.ActiveCfg = Release|Win32
		{77065768-F682-4204-B28D-33B4C223B86A}.Release.Build.0 = Release|Win32
		{77065768-F682-4204-B28D-33B4C223B86A}.Release con trazador.ActiveCfg = Release|Win32
		{77065768-F682-4204-B28D-33B4C223B86A}.Release con trazador.Build.0 = Release|Win32
		{031F4A82-8932-473D-8B8E-58117559261C}.Debug.ActiveCfg = Debug|Win32
		{031F4A82-8932-473D-8B8E-58117559261C}.Debug.Build.0 = Debug|Win32
		{031F4A82-8932-473D-8B8E-58117559261C}.Debug con trazador.ActiveCfg = Debug con trazador|Win32
		{031F4A82-8932-473D-8B8E-58117559261C}.Debug con trazador.Build.0 = Debug con trazador|Win32
		{031F4A82-8932-473D-8B8E-58117559261C}.Release.ActiveCfg = Release|Win32
		{031F4A82-8932-473D-8B8E-58117559261C}.Release.Build.0 = Release|Win32
		{031F4A82-8932-473D-8B8E-58117559261C}.Release con trazador.ActiveCfg = Release con trazador|Win32
		{031F4A82-8932-473D-8B8E-58117559261C}.Release con trazador.Build.0 = Release con trazador|Win32
		{43BB24AC-97C9-42A5-996C-3C2EBE5B3FE1}.Debug.ActiveCfg = Debug|Win32
		{43BB24AC-97C9-42A5-996C-3C2EBE5B3FE1}.Debug.Build.0 = Debug|Win32
		{43BB24AC-97C9-42A5-996C-3C2EBE5B3FE1}.Debug con trazador.ActiveCfg = Debug|Win32
		{43BB24AC-97C9-42A5-996C-3C2EBE5B3FE1}.Debug con trazador.Build.0 = Debug|Win32
		{43BB24AC-97C9-42A5-996C-3C2EBE5B3FE1}.Release.ActiveCfg = Release|Win32
		{43BB24AC-97C9-42A5-996C-3C2EBE5B3FE1}.Release.Build.0 = Release|Win32
		{43BB24AC-97C9-42A5-996C-3C2EBE5B3FE1}.Release con trazador.ActiveCfg = Release|Win32
		{43BB24AC-97C9-42A5-996C-3C2EBE5B3FE1}.Release con trazador.Build.0 = Release|Win32
	EndGlobalSection
	GlobalSection(ExtensibilityGlobals) = postSolution
	EndGlobalSection
	GlobalSection(ExtensibilityAddIns) = postSolution
	EndGlobalSection
EndGlobal
