Microsoft Visual Studio Solution File, Format Version 7.00
Project("{8BC9CEB8-8B4A-11D0-8D11-00A0C91BC942}") = "input", "input.vcproj", "{92E50294-4312-49E4-848B-5C9FF43AB27D}"
EndProject
Global
	GlobalSection(SolutionConfiguration) = preSolution
		ConfigName.0 = Debug
		ConfigName.1 = Release
	EndGlobalSection
	GlobalSection(ProjectDependencies) = postSolution
	EndGlobalSection
	GlobalSection(ProjectConfiguration) = postSolution
		{92E50294-4312-49E4-848B-5C9FF43AB27D}.Debug.ActiveCfg = Debug|Win32
		{92E50294-4312-49E4-848B-5C9FF43AB27D}.Debug.Build.0 = Debug|Win32
		{92E50294-4312-49E4-848B-5C9FF43AB27D}.Release.ActiveCfg = Release|Win32
		{92E50294-4312-49E4-848B-5C9FF43AB27D}.Release.Build.0 = Release|Win32
	EndGlobalSection
	GlobalSection(ExtensibilityGlobals) = postSolution
	EndGlobalSection
	GlobalSection(ExtensibilityAddIns) = postSolution
	EndGlobalSection
EndGlobal
