Microsoft Visual Studio Solution File, Format Version 7.00
Project("{8BC9CEB8-8B4A-11D0-8D11-00A0C91BC942}") = "gif2h", "gif2h\gif2h.vcproj", "{3B5DEF22-6D9F-4A9D-8E22-891FC9735431}"
EndProject
Project("{8BC9CEB8-8B4A-11D0-8D11-00A0C91BC942}") = "ideQT", "ideQT.vcproj", "{6B5067D3-8030-4746-9855-2A5F70C1F1E7}"
EndProject
Global
	GlobalSection(SolutionConfiguration) = preSolution
		ConfigName.0 = Debug
		ConfigName.1 = Release
	EndGlobalSection
	GlobalSection(ProjectDependencies) = postSolution
	EndGlobalSection
	GlobalSection(ProjectConfiguration) = postSolution
		{3B5DEF22-6D9F-4A9D-8E22-891FC9735431}.Debug.ActiveCfg = Debug|Win32
		{3B5DEF22-6D9F-4A9D-8E22-891FC9735431}.Debug.Build.0 = Debug|Win32
		{3B5DEF22-6D9F-4A9D-8E22-891FC9735431}.Release.ActiveCfg = Release|Win32
		{3B5DEF22-6D9F-4A9D-8E22-891FC9735431}.Release.Build.0 = Release|Win32
		{6B5067D3-8030-4746-9855-2A5F70C1F1E7}.Debug.ActiveCfg = Debug|Win32
		{6B5067D3-8030-4746-9855-2A5F70C1F1E7}.Debug.Build.0 = Debug|Win32
		{6B5067D3-8030-4746-9855-2A5F70C1F1E7}.Release.ActiveCfg = Release|Win32
		{6B5067D3-8030-4746-9855-2A5F70C1F1E7}.Release.Build.0 = Release|Win32
	EndGlobalSection
	GlobalSection(ExtensibilityGlobals) = postSolution
	EndGlobalSection
	GlobalSection(ExtensibilityAddIns) = postSolution
	EndGlobalSection
EndGlobal
