Microsoft Visual Studio Solution File, Format Version 7.00
Project("{8BC9CEB8-8B4A-11D0-8D11-00A0C91BC942}") = "math", "math.vcproj", "{56A4746D-5A73-4CA5-BD0C-959F14B503E7}"
EndProject
Global
	GlobalSection(SolutionConfiguration) = preSolution
		ConfigName.0 = Debug
		ConfigName.1 = Release
	EndGlobalSection
	GlobalSection(ProjectDependencies) = postSolution
	EndGlobalSection
	GlobalSection(ProjectConfiguration) = postSolution
		{56A4746D-5A73-4CA5-BD0C-959F14B503E7}.Debug.ActiveCfg = Debug|Win32
		{56A4746D-5A73-4CA5-BD0C-959F14B503E7}.Debug.Build.0 = Debug|Win32
		{56A4746D-5A73-4CA5-BD0C-959F14B503E7}.Release.ActiveCfg = Release|Win32
		{56A4746D-5A73-4CA5-BD0C-959F14B503E7}.Release.Build.0 = Release|Win32
	EndGlobalSection
	GlobalSection(ExtensibilityGlobals) = postSolution
	EndGlobalSection
	GlobalSection(ExtensibilityAddIns) = postSolution
	EndGlobalSection
EndGlobal
