Microsoft Visual Studio Solution File, Format Version 7.00
Project("{8BC9CEB8-8B4A-11D0-8D11-00A0C91BC942}") = "qgraphics", "qgraphics.vcproj", "{DD3491ED-7A70-45E4-933C-82F43093ACFD}"
EndProject
Global
	GlobalSection(SolutionConfiguration) = preSolution
		ConfigName.0 = Debug
		ConfigName.1 = Release
	EndGlobalSection
	GlobalSection(ProjectDependencies) = postSolution
	EndGlobalSection
	GlobalSection(ProjectConfiguration) = postSolution
		{DD3491ED-7A70-45E4-933C-82F43093ACFD}.Debug.ActiveCfg = Debug|Win32
		{DD3491ED-7A70-45E4-933C-82F43093ACFD}.Debug.Build.0 = Debug|Win32
		{DD3491ED-7A70-45E4-933C-82F43093ACFD}.Release.ActiveCfg = Release|Win32
		{DD3491ED-7A70-45E4-933C-82F43093ACFD}.Release.Build.0 = Release|Win32
	EndGlobalSection
	GlobalSection(ExtensibilityGlobals) = postSolution
	EndGlobalSection
	GlobalSection(ExtensibilityAddIns) = postSolution
	EndGlobalSection
EndGlobal
